import { CATS } from './categories.js'

// category indices: 0=Trabajo 1=Personal 2=Aprendizaje 3=Reunión 4=Salud

export const TEMPLATES = [
  {
    id: 'clinico',
    name: 'Día Clínico',
    icon: '🏥',
    description: 'Enfocado en atención a pacientes',
    suggestedMITs: 2,
    tasks: [
      { task: 'Revisión de expedientes', minutes: 30, category: 0, priority: 'Alta' },
      { task: 'Bloque de consultas AM', minutes: 90, category: 3, priority: 'Alta' },
      { task: 'Notas clínicas y documentación', minutes: 45, category: 0, priority: 'Alta' },
      { task: 'Descanso activo / comida', minutes: 60, category: 4, priority: 'Normal' },
      { task: 'Bloque de consultas PM', minutes: 90, category: 3, priority: 'Normal' },
      { task: 'Seguimiento pacientes / llamadas', minutes: 30, category: 0, priority: 'Normal' },
      { task: 'Cierre y pendientes del día', minutes: 20, category: 0, priority: 'Baja' },
    ],
  },
  {
    id: 'administrativo',
    name: 'Día Administrativo',
    icon: '📋',
    description: 'Gestión, reportes y comunicaciones',
    suggestedMITs: 3,
    tasks: [
      { task: 'Revisión de email y mensajes', minutes: 30, category: 0, priority: 'Normal' },
      { task: 'Tarea administrativa principal', minutes: 60, category: 0, priority: 'Alta' },
      { task: 'Reunión de equipo', minutes: 45, category: 3, priority: 'Alta' },
      { task: 'Reportes y métricas', minutes: 45, category: 0, priority: 'Alta' },
      { task: 'Descanso y comida', minutes: 60, category: 4, priority: 'Normal' },
      { task: 'Planificación y seguimiento', minutes: 30, category: 0, priority: 'Normal' },
      { task: 'Comunicaciones pendientes', minutes: 30, category: 0, priority: 'Baja' },
    ],
  },
  {
    id: 'creativo',
    name: 'Día Creativo',
    icon: '🎨',
    description: 'Trabajo profundo y generación de ideas',
    suggestedMITs: 3,
    tasks: [
      { task: 'Warm-up: lectura o investigación', minutes: 20, category: 2, priority: 'Normal' },
      { task: 'Bloque creativo profundo #1', minutes: 90, category: 0, priority: 'Alta' },
      { task: 'Descanso activo', minutes: 15, category: 4, priority: 'Normal' },
      { task: 'Bloque creativo profundo #2', minutes: 60, category: 0, priority: 'Alta' },
      { task: 'Comida sin pantallas', minutes: 45, category: 4, priority: 'Normal' },
      { task: 'Revisión y edición de trabajo', minutes: 45, category: 0, priority: 'Alta' },
      { task: 'Brainstorm próximos pasos', minutes: 25, category: 2, priority: 'Baja' },
    ],
  },
  {
    id: 'ligero',
    name: 'Día Ligero',
    icon: '☀️',
    description: 'Ritmo tranquilo, recarga energía',
    suggestedMITs: 1,
    tasks: [
      { task: 'Ejercicio o caminata', minutes: 30, category: 4, priority: 'Alta' },
      { task: 'Tarea principal del día', minutes: 45, category: 0, priority: 'Alta' },
      { task: 'Lectura o aprendizaje', minutes: 30, category: 2, priority: 'Normal' },
      { task: 'Pendientes pequeños', minutes: 30, category: 0, priority: 'Normal' },
      { task: 'Descanso / tiempo personal', minutes: 60, category: 1, priority: 'Normal' },
    ],
  },
]
